
Microsoft Visual Studio Solution File, Format Version 12.00
# Visual Studio 15
VisualStudioVersion = 15.0.27130.2010
MinimumVisualStudioVersion = 10.0.40219.1
Project("{FAE04EC0-301F-11D3-BF4B-00C04F79EFBC}") = "Complex_pr", "Complex_pr\Complex_pr.csproj", "{28166B7C-53BD-4F29-B65C-336726AEFB87}"
EndProject
Global
	GlobalSection(SolutionConfigurationPlatforms) = preSolution
		Debug|Any CPU = Debug|Any CPU
		Release|Any CPU = Release|Any CPU
	EndGlobalSection
	GlobalSection(ProjectConfigurationPlatforms) = postSolution
		{28166B7C-53BD-4F29-B65C-336726AEFB87}.Debug|Any CPU.ActiveCfg = Debug|Any CPU
		{28166B7C-53BD-4F29-B65C-336726AEFB87}.Debug|Any CPU.Build.0 = Debug|Any CPU
		{28166B7C-53BD-4F29-B65C-336726AEFB87}.Release|Any CPU.ActiveCfg = Release|Any CPU
		{28166B7C-53BD-4F29-B65C-336726AEFB87}.Release|Any CPU.Build.0 = Release|Any CPU
	EndGlobalSection
	GlobalSection(SolutionProperties) = preSolution
		HideSolutionNode = FALSE
	EndGlobalSection
	GlobalSection(ExtensibilityGlobals) = postSolution
		SolutionGuid = {D2CB2858-2912-4A9A-9199-843BAC0545EC}
	EndGlobalSection
EndGlobal
